
Microsoft Visual Studio Solution File, Format Version 12.00
# Visual Studio Version 17
VisualStudioVersion = 17.7.34302.85
MinimumVisualStudioVersion = 10.0.40219.1
Project("{8BC9CEB8-8B4A-11D0-8D11-00A0C91BC942}") = "MissionEditor", "MissionEditor\MissionEditor.vcxproj", "{9326D29A-6547-42B9-A668-519F3C0720A9}"
	ProjectSection(ProjectDependencies) = postProject
		{5E445578-CB45-4D82-9A1C-FC7D3E8D866A} = {5E445578-CB45-4D82-9A1C-FC7D3E8D866A}
		{BAE32EF7-4F88-40D8-8984-A2EAF14C0A63} = {BAE32EF7-4F88-40D8-8984-A2EAF14C0A63}
	EndProjectSection
EndProject
Project("{8BC9CEB8-8B4A-11D0-8D11-00A0C91BC942}") = "MissionEditorPackLib", "MissionEditorPackLib\MissionEditorPackLib.vcxproj", "{DEB40EF0-E215-4C2F-A0AD-3742E2E01A8C}"
	ProjectSection(ProjectDependencies) = postProject
		{5E445578-CB45-4D82-9A1C-FC7D3E8D866A} = {5E445578-CB45-4D82-9A1C-FC7D3E8D866A}
	EndProjectSection
EndProject
Project("{8BC9CEB8-8B4A-11D0-8D11-00A0C91BC942}") = "XCC Library", "3rdParty\xcc\Library\XCC Library.vcxproj", "{5E445578-CB45-4D82-9A1C-FC7D3E8D866A}"
EndProject
Project("{8BC9CEB8-8B4A-11D0-8D11-00A0C91BC942}") = "UnitTest", "UnitTest\UnitTest.vcxproj", "{75E18879-7564-4A2C-8C00-393A5A17171F}"
EndProject
Project("{8BC9CEB8-8B4A-11D0-8D11-00A0C91BC942}") = "CncVxlRenderText", "3rdParty\CncVxlRender\CncVxlRenderText.vcxproj", "{BAE32EF7-4F88-40D8-8984-A2EAF14C0A63}"
EndProject
Global
	GlobalSection(SolutionConfigurationPlatforms) = preSolution
		Debug|Win32 = Debug|Win32
		Debug|x64 = Debug|x64
		FinalAlertDebug YR|Win32 = FinalAlertDebug YR|Win32
		FinalAlertDebug YR|x64 = FinalAlertDebug YR|x64
		FinalAlertDebug|Win32 = FinalAlertDebug|Win32
		FinalAlertDebug|x64 = FinalAlertDebug|x64
		FinalAlertRelease YR|Win32 = FinalAlertRelease YR|Win32
		FinalAlertRelease YR|x64 = FinalAlertRelease YR|x64
		FinalAlertRelease|Win32 = FinalAlertRelease|Win32
		FinalAlertRelease|x64 = FinalAlertRelease|x64
		FinalSunDebug|Win32 = FinalSunDebug|Win32
		FinalSunDebug|x64 = FinalSunDebug|x64
		FinalSunRelease|Win32 = FinalSunRelease|Win32
		FinalSunRelease|x64 = FinalSunRelease|x64
		Release|Win32 = Release|Win32
		Release|x64 = Release|x64
		Template|Win32 = Template|Win32
		Template|x64 = Template|x64
		Tests FinalAlertDebug YR|Win32 = Tests FinalAlertDebug YR|Win32
		Tests FinalAlertDebug YR|x64 = Tests FinalAlertDebug YR|x64
		Tool|Win32 = Tool|Win32
		Tool|x64 = Tool|x64
	EndGlobalSection
	GlobalSection(ProjectConfigurationPlatforms) = postSolution
		{9326D29A-6547-42B9-A668-519F3C0720A9}.Debug|Win32.ActiveCfg = Tests FinalAlertDebug YR|Win32
		{9326D29A-6547-42B9-A668-519F3C0720A9}.Debug|Win32.Build.0 = Tests FinalAlertDebug YR|Win32
		{9326D29A-6547-42B9-A668-519F3C0720A9}.Debug|x64.ActiveCfg = Tests FinalAlertDebug YR|x64
		{9326D29A-6547-42B9-A668-519F3C0720A9}.Debug|x64.Build.0 = Tests FinalAlertDebug YR|x64
		{9326D29A-6547-42B9-A668-519F3C0720A9}.FinalAlertDebug YR|Win32.ActiveCfg = FinalAlertDebug YR|Win32
		{9326D29A-6547-42B9-A668-519F3C0720A9}.FinalAlertDebug YR|Win32.Build.0 = FinalAlertDebug YR|Win32
		{9326D29A-6547-42B9-A668-519F3C0720A9}.FinalAlertDebug YR|x64.ActiveCfg = FinalAlertDebug YR|x64
		{9326D29A-6547-42B9-A668-519F3C0720A9}.FinalAlertDebug YR|x64.Build.0 = FinalAlertDebug YR|x64
		{9326D29A-6547-42B9-A668-519F3C0720A9}.FinalAlertDebug|Win32.ActiveCfg = FinalAlertDebug|Win32
		{9326D29A-6547-42B9-A668-519F3C0720A9}.FinalAlertDebug|Win32.Build.0 = FinalAlertDebug|Win32
		{9326D29A-6547-42B9-A668-519F3C0720A9}.FinalAlertDebug|x64.ActiveCfg = FinalAlertDebug|x64
		{9326D29A-6547-42B9-A668-519F3C0720A9}.FinalAlertDebug|x64.Build.0 = FinalAlertDebug|x64
		{9326D29A-6547-42B9-A668-519F3C0720A9}.FinalAlertRelease YR|Win32.ActiveCfg = FinalAlertRelease YR|Win32
		{9326D29A-6547-42B9-A668-519F3C0720A9}.FinalAlertRelease YR|Win32.Build.0 = FinalAlertRelease YR|Win32
		{9326D29A-6547-42B9-A668-519F3C0720A9}.FinalAlertRelease YR|x64.ActiveCfg = FinalAlertRelease YR|x64
		{9326D29A-6547-42B9-A668-519F3C0720A9}.FinalAlertRelease YR|x64.Build.0 = FinalAlertRelease YR|x64
		{9326D29A-6547-42B9-A668-519F3C0720A9}.FinalAlertRelease|Win32.ActiveCfg = FinalAlertRelease|Win32
		{9326D29A-6547-42B9-A668-519F3C0720A9}.FinalAlertRelease|Win32.Build.0 = FinalAlertRelease|Win32
		{9326D29A-6547-42B9-A668-519F3C0720A9}.FinalAlertRelease|x64.ActiveCfg = FinalAlertRelease|x64
		{9326D29A-6547-42B9-A668-519F3C0720A9}.FinalAlertRelease|x64.Build.0 = FinalAlertRelease|x64
		{9326D29A-6547-42B9-A668-519F3C0720A9}.FinalSunDebug|Win32.ActiveCfg = FinalSunDebug|Win32
		{9326D29A-6547-42B9-A668-519F3C0720A9}.FinalSunDebug|Win32.Build.0 = FinalSunDebug|Win32
		{9326D29A-6547-42B9-A668-519F3C0720A9}.FinalSunDebug|x64.ActiveCfg = FinalSunDebug|x64
		{9326D29A-6547-42B9-A668-519F3C0720A9}.FinalSunDebug|x64.Build.0 = FinalSunDebug|x64
		{9326D29A-6547-42B9-A668-519F3C0720A9}.FinalSunRelease|Win32.ActiveCfg = FinalSunRelease|Win32
		{9326D29A-6547-42B9-A668-519F3C0720A9}.FinalSunRelease|Win32.Build.0 = FinalSunRelease|Win32
		{9326D29A-6547-42B9-A668-519F3C0720A9}.FinalSunRelease|x64.ActiveCfg = FinalSunRelease|x64
		{9326D29A-6547-42B9-A668-519F3C0720A9}.FinalSunRelease|x64.Build.0 = FinalSunRelease|x64
		{9326D29A-6547-42B9-A668-519F3C0720A9}.Release|Win32.ActiveCfg = FinalSunRelease|Win32
		{9326D29A-6547-42B9-A668-519F3C0720A9}.Release|Win32.Build.0 = FinalSunRelease|Win32
		{9326D29A-6547-42B9-A668-519F3C0720A9}.Release|x64.ActiveCfg = FinalSunRelease|x64
		{9326D29A-6547-42B9-A668-519F3C0720A9}.Release|x64.Build.0 = FinalSunRelease|x64
		{9326D29A-6547-42B9-A668-519F3C0720A9}.Template|Win32.ActiveCfg = Template|Win32
		{9326D29A-6547-42B9-A668-519F3C0720A9}.Template|Win32.Build.0 = Template|Win32
		{9326D29A-6547-42B9-A668-519F3C0720A9}.Template|x64.ActiveCfg = Template|x64
		{9326D29A-6547-42B9-A668-519F3C0720A9}.Template|x64.Build.0 = Template|x64
		{9326D29A-6547-42B9-A668-519F3C0720A9}.Tests FinalAlertDebug YR|Win32.ActiveCfg = Tests FinalAlertDebug YR|Win32
		{9326D29A-6547-42B9-A668-519F3C0720A9}.Tests FinalAlertDebug YR|Win32.Build.0 = Tests FinalAlertDebug YR|Win32
		{9326D29A-6547-42B9-A668-519F3C0720A9}.Tests FinalAlertDebug YR|x64.ActiveCfg = Tests FinalAlertDebug YR|x64
		{9326D29A-6547-42B9-A668-519F3C0720A9}.Tests FinalAlertDebug YR|x64.Build.0 = Tests FinalAlertDebug YR|x64
		{9326D29A-6547-42B9-A668-519F3C0720A9}.Tool|Win32.ActiveCfg = Template|Win32
		{9326D29A-6547-42B9-A668-519F3C0720A9}.Tool|Win32.Build.0 = Template|Win32
		{9326D29A-6547-42B9-A668-519F3C0720A9}.Tool|x64.ActiveCfg = Template|x64
		{9326D29A-6547-42B9-A668-519F3C0720A9}.Tool|x64.Build.0 = Template|x64
		{DEB40EF0-E215-4C2F-A0AD-3742E2E01A8C}.Debug|Win32.ActiveCfg = Debug|Win32
		{DEB40EF0-E215-4C2F-A0AD-3742E2E01A8C}.Debug|Win32.Build.0 = Debug|Win32
		{DEB40EF0-E215-4C2F-A0AD-3742E2E01A8C}.Debug|x64.ActiveCfg = Debug|x64
		{DEB40EF0-E215-4C2F-A0AD-3742E2E01A8C}.Debug|x64.Build.0 = Debug|x64
		{DEB40EF0-E215-4C2F-A0AD-3742E2E01A8C}.FinalAlertDebug YR|Win32.ActiveCfg = Debug|Win32
		{DEB40EF0-E215-4C2F-A0AD-3742E2E01A8C}.FinalAlertDebug YR|Win32.Build.0 = Debug|Win32
		{DEB40EF0-E215-4C2F-A0AD-3742E2E01A8C}.FinalAlertDebug YR|x64.ActiveCfg = Debug|x64
		{DEB40EF0-E215-4C2F-A0AD-3742E2E01A8C}.FinalAlertDebug YR|x64.Build.0 = Debug|x64
		{DEB40EF0-E215-4C2F-A0AD-3742E2E01A8C}.FinalAlertDebug|Win32.ActiveCfg = Debug|Win32
		{DEB40EF0-E215-4C2F-A0AD-3742E2E01A8C}.FinalAlertDebug|Win32.Build.0 = Debug|Win32
		{DEB40EF0-E215-4C2F-A0AD-3742E2E01A8C}.FinalAlertDebug|x64.ActiveCfg = Debug|x64
		{DEB40EF0-E215-4C2F-A0AD-3742E2E01A8C}.FinalAlertDebug|x64.Build.0 = Debug|x64
		{DEB40EF0-E215-4C2F-A0AD-3742E2E01A8C}.FinalAlertRelease YR|Win32.ActiveCfg = Release|Win32
		{DEB40EF0-E215-4C2F-A0AD-3742E2E01A8C}.FinalAlertRelease YR|Win32.Build.0 = Release|Win32
		{DEB40EF0-E215-4C2F-A0AD-3742E2E01A8C}.FinalAlertRelease YR|x64.ActiveCfg = Release|x64
		{DEB40EF0-E215-4C2F-A0AD-3742E2E01A8C}.FinalAlertRelease YR|x64.Build.0 = Release|x64
		{DEB40EF0-E215-4C2F-A0AD-3742E2E01A8C}.FinalAlertRelease|Win32.ActiveCfg = Release|Win32
		{DEB40EF0-E215-4C2F-A0AD-3742E2E01A8C}.FinalAlertRelease|Win32.Build.0 = Release|Win32
		{DEB40EF0-E215-4C2F-A0AD-3742E2E01A8C}.FinalAlertRelease|x64.ActiveCfg = Release|x64
		{DEB40EF0-E215-4C2F-A0AD-3742E2E01A8C}.FinalAlertRelease|x64.Build.0 = Release|x64
		{DEB40EF0-E215-4C2F-A0AD-3742E2E01A8C}.FinalSunDebug|Win32.ActiveCfg = Debug|Win32
		{DEB40EF0-E215-4C2F-A0AD-3742E2E01A8C}.FinalSunDebug|Win32.Build.0 = Debug|Win32
		{DEB40EF0-E215-4C2F-A0AD-3742E2E01A8C}.FinalSunDebug|x64.ActiveCfg = Debug|x64
		{DEB40EF0-E215-4C2F-A0AD-3742E2E01A8C}.FinalSunDebug|x64.Build.0 = Debug|x64
		{DEB40EF0-E215-4C2F-A0AD-3742E2E01A8C}.FinalSunRelease|Win32.ActiveCfg = Release|Win32
		{DEB40EF0-E215-4C2F-A0AD-3742E2E01A8C}.FinalSunRelease|Win32.Build.0 = Release|Win32
		{DEB40EF0-E215-4C2F-A0AD-3742E2E01A8C}.FinalSunRelease|x64.ActiveCfg = Release|x64
		{DEB40EF0-E215-4C2F-A0AD-3742E2E01A8C}.FinalSunRelease|x64.Build.0 = Release|x64
		{DEB40EF0-E215-4C2F-A0AD-3742E2E01A8C}.Release|Win32.ActiveCfg = Release|Win32
		{DEB40EF0-E215-4C2F-A0AD-3742E2E01A8C}.Release|Win32.Build.0 = Release|Win32
		{DEB40EF0-E215-4C2F-A0AD-3742E2E01A8C}.Release|x64.ActiveCfg = Release|x64
		{DEB40EF0-E215-4C2F-A0AD-3742E2E01A8C}.Release|x64.Build.0 = Release|x64
		{DEB40EF0-E215-4C2F-A0AD-3742E2E01A8C}.Template|Win32.ActiveCfg = Debug|Win32
		{DEB40EF0-E215-4C2F-A0AD-3742E2E01A8C}.Template|Win32.Build.0 = Debug|Win32
		{DEB40EF0-E215-4C2F-A0AD-3742E2E01A8C}.Template|x64.ActiveCfg = Debug|x64
		{DEB40EF0-E215-4C2F-A0AD-3742E2E01A8C}.Template|x64.Build.0 = Debug|x64
		{DEB40EF0-E215-4C2F-A0AD-3742E2E01A8C}.Tests FinalAlertDebug YR|Win32.ActiveCfg = Debug|Win32
		{DEB40EF0-E215-4C2F-A0AD-3742E2E01A8C}.Tests FinalAlertDebug YR|Win32.Build.0 = Debug|Win32
		{DEB40EF0-E215-4C2F-A0AD-3742E2E01A8C}.Tests FinalAlertDebug YR|x64.ActiveCfg = Debug|x64
		{DEB40EF0-E215-4C2F-A0AD-3742E2E01A8C}.Tests FinalAlertDebug YR|x64.Build.0 = Debug|x64
		{DEB40EF0-E215-4C2F-A0AD-3742E2E01A8C}.Tool|Win32.ActiveCfg = Release|Win32
		{DEB40EF0-E215-4C2F-A0AD-3742E2E01A8C}.Tool|Win32.Build.0 = Release|Win32
		{DEB40EF0-E215-4C2F-A0AD-3742E2E01A8C}.Tool|x64.ActiveCfg = Release|x64
		{DEB40EF0-E215-4C2F-A0AD-3742E2E01A8C}.Tool|x64.Build.0 = Release|x64
		{5E445578-CB45-4D82-9A1C-FC7D3E8D866A}.Debug|Win32.ActiveCfg = Debug|Win32
		{5E445578-CB45-4D82-9A1C-FC7D3E8D866A}.Debug|Win32.Build.0 = Debug|Win32
		{5E445578-CB45-4D82-9A1C-FC7D3E8D866A}.Debug|x64.ActiveCfg = Debug|x64
		{5E445578-CB45-4D82-9A1C-FC7D3E8D866A}.Debug|x64.Build.0 = Debug|x64
		{5E445578-CB45-4D82-9A1C-FC7D3E8D866A}.FinalAlertDebug YR|Win32.ActiveCfg = DebugMinimal|Win32
		{5E445578-CB45-4D82-9A1C-FC7D3E8D866A}.FinalAlertDebug YR|Win32.Build.0 = DebugMinimal|Win32
		{5E445578-CB45-4D82-9A1C-FC7D3E8D866A}.FinalAlertDebug YR|x64.ActiveCfg = DebugMinimal|x64
		{5E445578-CB45-4D82-9A1C-FC7D3E8D866A}.FinalAlertDebug YR|x64.Build.0 = DebugMinimal|x64
		{5E445578-CB45-4D82-9A1C-FC7D3E8D866A}.FinalAlertDebug|Win32.ActiveCfg = DebugMinimal|Win32
		{5E445578-CB45-4D82-9A1C-FC7D3E8D866A}.FinalAlertDebug|Win32.Build.0 = DebugMinimal|Win32
		{5E445578-CB45-4D82-9A1C-FC7D3E8D866A}.FinalAlertDebug|x64.ActiveCfg = Debug|x64
		{5E445578-CB45-4D82-9A1C-FC7D3E8D866A}.FinalAlertDebug|x64.Build.0 = Debug|x64
		{5E445578-CB45-4D82-9A1C-FC7D3E8D866A}.FinalAlertRelease YR|Win32.ActiveCfg = ReleaseMinimal|Win32
		{5E445578-CB45-4D82-9A1C-FC7D3E8D866A}.FinalAlertRelease YR|Win32.Build.0 = ReleaseMinimal|Win32
		{5E445578-CB45-4D82-9A1C-FC7D3E8D866A}.FinalAlertRelease YR|x64.ActiveCfg = Release|x64
		{5E445578-CB45-4D82-9A1C-FC7D3E8D866A}.FinalAlertRelease YR|x64.Build.0 = Release|x64
		{5E445578-CB45-4D82-9A1C-FC7D3E8D866A}.FinalAlertRelease|Win32.ActiveCfg = ReleaseMinimal|Win32
		{5E445578-CB45-4D82-9A1C-FC7D3E8D866A}.FinalAlertRelease|Win32.Build.0 = ReleaseMinimal|Win32
		{5E445578-CB45-4D82-9A1C-FC7D3E8D866A}.FinalAlertRelease|x64.ActiveCfg = Release|x64
		{5E445578-CB45-4D82-9A1C-FC7D3E8D866A}.FinalAlertRelease|x64.Build.0 = Release|x64
		{5E445578-CB45-4D82-9A1C-FC7D3E8D866A}.FinalSunDebug|Win32.ActiveCfg = DebugMinimal|Win32
		{5E445578-CB45-4D82-9A1C-FC7D3E8D866A}.FinalSunDebug|Win32.Build.0 = DebugMinimal|Win32
		{5E445578-CB45-4D82-9A1C-FC7D3E8D866A}.FinalSunDebug|x64.ActiveCfg = Debug|x64
		{5E445578-CB45-4D82-9A1C-FC7D3E8D866A}.FinalSunDebug|x64.Build.0 = Debug|x64
		{5E445578-CB45-4D82-9A1C-FC7D3E8D866A}.FinalSunRelease|Win32.ActiveCfg = ReleaseMinimal|Win32
		{5E445578-CB45-4D82-9A1C-FC7D3E8D866A}.FinalSunRelease|Win32.Build.0 = ReleaseMinimal|Win32
		{5E445578-CB45-4D82-9A1C-FC7D3E8D866A}.FinalSunRelease|x64.ActiveCfg = Release|x64
		{5E445578-CB45-4D82-9A1C-FC7D3E8D866A}.FinalSunRelease|x64.Build.0 = Release|x64
		{5E445578-CB45-4D82-9A1C-FC7D3E8D866A}.Release|Win32.ActiveCfg = Release|Win32
		{5E445578-CB45-4D82-9A1C-FC7D3E8D866A}.Release|Win32.Build.0 = Release|Win32
		{5E445578-CB45-4D82-9A1C-FC7D3E8D866A}.Release|x64.ActiveCfg = Release|x64
		{5E445578-CB45-4D82-9A1C-FC7D3E8D866A}.Release|x64.Build.0 = Release|x64
		{5E445578-CB45-4D82-9A1C-FC7D3E8D866A}.Template|Win32.ActiveCfg = ReleaseMinimal|Win32
		{5E445578-CB45-4D82-9A1C-FC7D3E8D866A}.Template|Win32.Build.0 = ReleaseMinimal|Win32
		{5E445578-CB45-4D82-9A1C-FC7D3E8D866A}.Template|x64.ActiveCfg = DebugMinimal|x64
		{5E445578-CB45-4D82-9A1C-FC7D3E8D866A}.Template|x64.Build.0 = DebugMinimal|x64
		{5E445578-CB45-4D82-9A1C-FC7D3E8D866A}.Tests FinalAlertDebug YR|Win32.ActiveCfg = DebugMinimal|Win32
		{5E445578-CB45-4D82-9A1C-FC7D3E8D866A}.Tests FinalAlertDebug YR|Win32.Build.0 = DebugMinimal|Win32
		{5E445578-CB45-4D82-9A1C-FC7D3E8D866A}.Tests FinalAlertDebug YR|x64.ActiveCfg = Debug|x64
		{5E445578-CB45-4D82-9A1C-FC7D3E8D866A}.Tests FinalAlertDebug YR|x64.Build.0 = Debug|x64
		{5E445578-CB45-4D82-9A1C-FC7D3E8D866A}.Tool|Win32.ActiveCfg = Release|Win32
		{5E445578-CB45-4D82-9A1C-FC7D3E8D866A}.Tool|Win32.Build.0 = Release|Win32
		{5E445578-CB45-4D82-9A1C-FC7D3E8D866A}.Tool|x64.ActiveCfg = ReleaseMinimal|x64
		{5E445578-CB45-4D82-9A1C-FC7D3E8D866A}.Tool|x64.Build.0 = ReleaseMinimal|x64
		{75E18879-7564-4A2C-8C00-393A5A17171F}.Debug|Win32.ActiveCfg = Debug|Win32
		{75E18879-7564-4A2C-8C00-393A5A17171F}.Debug|Win32.Build.0 = Debug|Win32
		{75E18879-7564-4A2C-8C00-393A5A17171F}.Debug|x64.ActiveCfg = Debug|x64
		{75E18879-7564-4A2C-8C00-393A5A17171F}.Debug|x64.Build.0 = Debug|x64
		{75E18879-7564-4A2C-8C00-393A5A17171F}.FinalAlertDebug YR|Win32.ActiveCfg = Debug|Win32
		{75E18879-7564-4A2C-8C00-393A5A17171F}.FinalAlertDebug YR|Win32.Build.0 = Debug|Win32
		{75E18879-7564-4A2C-8C00-393A5A17171F}.FinalAlertDebug YR|x64.ActiveCfg = Debug|x64
		{75E18879-7564-4A2C-8C00-393A5A17171F}.FinalAlertDebug YR|x64.Build.0 = Debug|x64
		{75E18879-7564-4A2C-8C00-393A5A17171F}.FinalAlertDebug|Win32.ActiveCfg = Debug|Win32
		{75E18879-7564-4A2C-8C00-393A5A17171F}.FinalAlertDebug|Win32.Build.0 = Debug|Win32
		{75E18879-7564-4A2C-8C00-393A5A17171F}.FinalAlertDebug|x64.ActiveCfg = Debug|x64
		{75E18879-7564-4A2C-8C00-393A5A17171F}.FinalAlertDebug|x64.Build.0 = Debug|x64
		{75E18879-7564-4A2C-8C00-393A5A17171F}.FinalAlertRelease YR|Win32.ActiveCfg = Release|Win32
		{75E18879-7564-4A2C-8C00-393A5A17171F}.FinalAlertRelease YR|Win32.Build.0 = Release|Win32
		{75E18879-7564-4A2C-8C00-393A5A17171F}.FinalAlertRelease YR|x64.ActiveCfg = Release|x64
		{75E18879-7564-4A2C-8C00-393A5A17171F}.FinalAlertRelease YR|x64.Build.0 = Release|x64
		{75E18879-7564-4A2C-8C00-393A5A17171F}.FinalAlertRelease|Win32.ActiveCfg = Release|Win32
		{75E18879-7564-4A2C-8C00-393A5A17171F}.FinalAlertRelease|Win32.Build.0 = Release|Win32
		{75E18879-7564-4A2C-8C00-393A5A17171F}.FinalAlertRelease|x64.ActiveCfg = Release|x64
		{75E18879-7564-4A2C-8C00-393A5A17171F}.FinalAlertRelease|x64.Build.0 = Release|x64
		{75E18879-7564-4A2C-8C00-393A5A17171F}.FinalSunDebug|Win32.ActiveCfg = Debug|Win32
		{75E18879-7564-4A2C-8C00-393A5A17171F}.FinalSunDebug|Win32.Build.0 = Debug|Win32
		{75E18879-7564-4A2C-8C00-393A5A17171F}.FinalSunDebug|x64.ActiveCfg = Debug|x64
		{75E18879-7564-4A2C-8C00-393A5A17171F}.FinalSunDebug|x64.Build.0 = Debug|x64
		{75E18879-7564-4A2C-8C00-393A5A17171F}.FinalSunRelease|Win32.ActiveCfg = Release|Win32
		{75E18879-7564-4A2C-8C00-393A5A17171F}.FinalSunRelease|Win32.Build.0 = Release|Win32
		{75E18879-7564-4A2C-8C00-393A5A17171F}.FinalSunRelease|x64.ActiveCfg = Release|x64
		{75E18879-7564-4A2C-8C00-393A5A17171F}.FinalSunRelease|x64.Build.0 = Release|x64
		{75E18879-7564-4A2C-8C00-393A5A17171F}.Release|Win32.ActiveCfg = Release|Win32
		{75E18879-7564-4A2C-8C00-393A5A17171F}.Release|Win32.Build.0 = Release|Win32
		{75E18879-7564-4A2C-8C00-393A5A17171F}.Release|x64.ActiveCfg = Release|x64
		{75E18879-7564-4A2C-8C00-393A5A17171F}.Release|x64.Build.0 = Release|x64
		{75E18879-7564-4A2C-8C00-393A5A17171F}.Template|Win32.ActiveCfg = Debug|Win32
		{75E18879-7564-4A2C-8C00-393A5A17171F}.Template|Win32.Build.0 = Debug|Win32
		{75E18879-7564-4A2C-8C00-393A5A17171F}.Template|x64.ActiveCfg = Debug|x64
		{75E18879-7564-4A2C-8C00-393A5A17171F}.Template|x64.Build.0 = Debug|x64
		{75E18879-7564-4A2C-8C00-393A5A17171F}.Tests FinalAlertDebug YR|Win32.ActiveCfg = Debug|Win32
		{75E18879-7564-4A2C-8C00-393A5A17171F}.Tests FinalAlertDebug YR|Win32.Build.0 = Debug|Win32
		{75E18879-7564-4A2C-8C00-393A5A17171F}.Tests FinalAlertDebug YR|x64.ActiveCfg = Debug|x64
		{75E18879-7564-4A2C-8C00-393A5A17171F}.Tests FinalAlertDebug YR|x64.Build.0 = Debug|x64
		{75E18879-7564-4A2C-8C00-393A5A17171F}.Tool|Win32.ActiveCfg = Release|Win32
		{75E18879-7564-4A2C-8C00-393A5A17171F}.Tool|Win32.Build.0 = Release|Win32
		{75E18879-7564-4A2C-8C00-393A5A17171F}.Tool|x64.ActiveCfg = Release|x64
		{75E18879-7564-4A2C-8C00-393A5A17171F}.Tool|x64.Build.0 = Release|x64
		{BAE32EF7-4F88-40D8-8984-A2EAF14C0A63}.Debug|Win32.ActiveCfg = Debug|Win32
		{BAE32EF7-4F88-40D8-8984-A2EAF14C0A63}.Debug|Win32.Build.0 = Debug|Win32
		{BAE32EF7-4F88-40D8-8984-A2EAF14C0A63}.Debug|x64.ActiveCfg = Debug|x64
		{BAE32EF7-4F88-40D8-8984-A2EAF14C0A63}.Debug|x64.Build.0 = Debug|x64
		{BAE32EF7-4F88-40D8-8984-A2EAF14C0A63}.FinalAlertDebug YR|Win32.ActiveCfg = Debug|Win32
		{BAE32EF7-4F88-40D8-8984-A2EAF14C0A63}.FinalAlertDebug YR|Win32.Build.0 = Debug|Win32
		{BAE32EF7-4F88-40D8-8984-A2EAF14C0A63}.FinalAlertDebug YR|x64.ActiveCfg = Debug|x64
		{BAE32EF7-4F88-40D8-8984-A2EAF14C0A63}.FinalAlertDebug YR|x64.Build.0 = Debug|x64
		{BAE32EF7-4F88-40D8-8984-A2EAF14C0A63}.FinalAlertDebug|Win32.ActiveCfg = Debug|Win32
		{BAE32EF7-4F88-40D8-8984-A2EAF14C0A63}.FinalAlertDebug|Win32.Build.0 = Debug|Win32
		{BAE32EF7-4F88-40D8-8984-A2EAF14C0A63}.FinalAlertDebug|x64.ActiveCfg = Debug|x64
		{BAE32EF7-4F88-40D8-8984-A2EAF14C0A63}.FinalAlertDebug|x64.Build.0 = Debug|x64
		{BAE32EF7-4F88-40D8-8984-A2EAF14C0A63}.FinalAlertRelease YR|Win32.ActiveCfg = Release|Win32
		{BAE32EF7-4F88-40D8-8984-A2EAF14C0A63}.FinalAlertRelease YR|Win32.Build.0 = Release|Win32
		{BAE32EF7-4F88-40D8-8984-A2EAF14C0A63}.FinalAlertRelease YR|x64.ActiveCfg = Release|x64
		{BAE32EF7-4F88-40D8-8984-A2EAF14C0A63}.FinalAlertRelease YR|x64.Build.0 = Release|x64
		{BAE32EF7-4F88-40D8-8984-A2EAF14C0A63}.FinalAlertRelease|Win32.ActiveCfg = Release|Win32
		{BAE32EF7-4F88-40D8-8984-A2EAF14C0A63}.FinalAlertRelease|Win32.Build.0 = Release|Win32
		{BAE32EF7-4F88-40D8-8984-A2EAF14C0A63}.FinalAlertRelease|x64.ActiveCfg = Release|x64
		{BAE32EF7-4F88-40D8-8984-A2EAF14C0A63}.FinalAlertRelease|x64.Build.0 = Release|x64
		{BAE32EF7-4F88-40D8-8984-A2EAF14C0A63}.FinalSunDebug|Win32.ActiveCfg = Debug|Win32
		{BAE32EF7-4F88-40D8-8984-A2EAF14C0A63}.FinalSunDebug|Win32.Build.0 = Debug|Win32
		{BAE32EF7-4F88-40D8-8984-A2EAF14C0A63}.FinalSunDebug|x64.ActiveCfg = Debug|x64
		{BAE32EF7-4F88-40D8-8984-A2EAF14C0A63}.FinalSunDebug|x64.Build.0 = Debug|x64
		{BAE32EF7-4F88-40D8-8984-A2EAF14C0A63}.FinalSunRelease|Win32.ActiveCfg = Release|Win32
		{BAE32EF7-4F88-40D8-8984-A2EAF14C0A63}.FinalSunRelease|Win32.Build.0 = Release|Win32
		{BAE32EF7-4F88-40D8-8984-A2EAF14C0A63}.FinalSunRelease|x64.ActiveCfg = Release|x64
		{BAE32EF7-4F88-40D8-8984-A2EAF14C0A63}.FinalSunRelease|x64.Build.0 = Release|x64
		{BAE32EF7-4F88-40D8-8984-A2EAF14C0A63}.Release|Win32.ActiveCfg = Release|Win32
		{BAE32EF7-4F88-40D8-8984-A2EAF14C0A63}.Release|Win32.Build.0 = Release|Win32
		{BAE32EF7-4F88-40D8-8984-A2EAF14C0A63}.Release|x64.ActiveCfg = Release|x64
		{BAE32EF7-4F88-40D8-8984-A2EAF14C0A63}.Release|x64.Build.0 = Release|x64
		{BAE32EF7-4F88-40D8-8984-A2EAF14C0A63}.Template|Win32.ActiveCfg = Tool|Win32
		{BAE32EF7-4F88-40D8-8984-A2EAF14C0A63}.Template|Win32.Build.0 = Tool|Win32
		{BAE32EF7-4F88-40D8-8984-A2EAF14C0A63}.Template|x64.ActiveCfg = Tool|x64
		{BAE32EF7-4F88-40D8-8984-A2EAF14C0A63}.Template|x64.Build.0 = Tool|x64
		{BAE32EF7-4F88-40D8-8984-A2EAF14C0A63}.Tests FinalAlertDebug YR|Win32.ActiveCfg = Debug|Win32
		{BAE32EF7-4F88-40D8-8984-A2EAF14C0A63}.Tests FinalAlertDebug YR|Win32.Build.0 = Debug|Win32
		{BAE32EF7-4F88-40D8-8984-A2EAF14C0A63}.Tests FinalAlertDebug YR|x64.ActiveCfg = Debug|x64
		{BAE32EF7-4F88-40D8-8984-A2EAF14C0A63}.Tests FinalAlertDebug YR|x64.Build.0 = Debug|x64
		{BAE32EF7-4F88-40D8-8984-A2EAF14C0A63}.Tool|Win32.ActiveCfg = Tool|Win32
		{BAE32EF7-4F88-40D8-8984-A2EAF14C0A63}.Tool|Win32.Build.0 = Tool|Win32
		{BAE32EF7-4F88-40D8-8984-A2EAF14C0A63}.Tool|x64.ActiveCfg = Tool|x64
		{BAE32EF7-4F88-40D8-8984-A2EAF14C0A63}.Tool|x64.Build.0 = Tool|x64
	EndGlobalSection
	GlobalSection(SolutionProperties) = preSolution
		HideSolutionNode = FALSE
	EndGlobalSection
	GlobalSection(ExtensibilityGlobals) = postSolution
		SolutionGuid = {78644B29-0A99-4D31-BF39-7B3871F1D64E}
	EndGlobalSection
EndGlobal
